
Microsoft Visual Studio Solution File, Format Version 12.00
# Visual Studio Version 16
VisualStudioVersion = 16.0.30320.27
MinimumVisualStudioVersion = 10.0.40219.1
Project("{CC5FD16D-436D-48AD-A40C-5A424C6E3E79}") = "AzureCloudService1", "AzureCloudService1\AzureCloudService1.ccproj", "{CC530A75-20A0-4E31-B6A1-94446AEE305C}"
EndProject
Project("{FAE04EC0-301F-11D3-BF4B-00C04F79EFBC}") = "WebRole1", "WebRole1\WebRole1.csproj", "{C3576E5C-9365-40EA-A4B4-98875B37A3DB}"
EndProject
Global
	GlobalSection(SolutionConfigurationPlatforms) = preSolution
		Debug|Any CPU = Debug|Any CPU
		Release|Any CPU = Release|Any CPU
	EndGlobalSection
	GlobalSection(ProjectConfigurationPlatforms) = postSolution
		{CC530A75-20A0-4E31-B6A1-94446AEE305C}.Debug|Any CPU.ActiveCfg = Debug|Any CPU
		{CC530A75-20A0-4E31-B6A1-94446AEE305C}.Debug|Any CPU.Build.0 = Debug|Any CPU
		{CC530A75-20A0-4E31-B6A1-94446AEE305C}.Release|Any CPU.ActiveCfg = Release|Any CPU
		{CC530A75-20A0-4E31-B6A1-94446AEE305C}.Release|Any CPU.Build.0 = Release|Any CPU
		{C3576E5C-9365-40EA-A4B4-98875B37A3DB}.Debug|Any CPU.ActiveCfg = Debug|Any CPU
		{C3576E5C-9365-40EA-A4B4-98875B37A3DB}.Debug|Any CPU.Build.0 = Debug|Any CPU
		{C3576E5C-9365-40EA-A4B4-98875B37A3DB}.Release|Any CPU.ActiveCfg = Release|Any CPU
		{C3576E5C-9365-40EA-A4B4-98875B37A3DB}.Release|Any CPU.Build.0 = Release|Any CPU
	EndGlobalSection
	GlobalSection(SolutionProperties) = preSolution
		HideSolutionNode = FALSE
	EndGlobalSection
	GlobalSection(ExtensibilityGlobals) = postSolution
		SolutionGuid = {A72E4EFD-AF78-44BD-8C6D-12F629BFD505}
	EndGlobalSection
EndGlobal
